// !$*UTF8*$!
{
	archiveVersion = 1;
	classes = {
	};
	objectVersion = 48;
	objects = {

/* Begin PBXBuildFile section */
		674E16941F8FAD6D00C481CA /* AppDelegate.swift in Sources */ = {isa = PBXBuildFile; fileRef = 674E16931F8FAD6D00C481CA /* AppDelegate.swift */; };
		674E16961F8FAD6D00C481CA /* ViewController.swift in Sources */ = {isa = PBXBuildFile; fileRef = 674E16951F8FAD6D00C481CA /* ViewController.swift */; };
		674E16991F8FAD6D00C481CA /* Main.storyboard in Resources */ = {isa = PBXBuildFile; fileRef = 674E16971F8FAD6D00C481CA /* Main.storyboard */; };
		674E169B1F8FAD6D00C481CA /* Assets.xcassets in Resources */ = {isa = PBXBuildFile; fileRef = 674E169A1F8FAD6D00C481CA /* Assets.xcassets */; };
		674E169E1F8FAD6D00C481CA /* LaunchScreen.storyboard in Resources */ = {isa = PBXBuildFile; fileRef = 674E169C1F8FAD6D00C481CA /* LaunchScreen.storyboard */; };
		674E16A81F8FB51A00C481CA /* SHTColorViewController.swift in Sources */ = {isa = PBXBuildFile; fileRef = 674E16A71F8FB51A00C481CA /* SHTColorViewController.swift */; };
/* End PBXBuildFile section */

/* Begin PBXFileReference section */
		674E16901F8FAD6D00C481CA /* ColorPaletteTest.app */ = {isa = PBXFileReference; explicitFileType = wrapper.application; includeInIndex = 0; path = ColorPaletteTest.app; sourceTree = BUILT_PRODUCTS_DIR; };
		674E16931F8FAD6D00C481CA /* AppDelegate.swift */ = {isa = PBXFileReference; lastKnownFileType = sourcecode.swift; path = AppDelegate.swift; sourceTree = "<group>"; };
		674E16951F8FAD6D00C481CA /* ViewController.swift */ = {isa = PBXFileReference; lastKnownFileType = sourcecode.swift; path = ViewController.swift; sourceTree = "<group>"; };
		674E16981F8FAD6D00C481CA /* Base */ = {isa = PBXFileReference; lastKnownFileType = file.storyboard; name = Base; path = Base.lproj/Main.storyboard; sourceTree = "<group>"; };
		674E169A1F8FAD6D00C481CA /* Assets.xcassets */ = {isa = PBXFileReference; lastKnownFileType = folder.assetcatalog; path = Assets.xcassets; sourceTree = "<group>"; };
		674E169D1F8FAD6D00C481CA /* Base */ = {isa = PBXFileReference; lastKnownFileType = file.storyboard; name = Base; path = Base.lproj/LaunchScreen.storyboard; sourceTree = "<group>"; };
		674E169F1F8FAD6D00C481CA /* Info.plist */ = {isa = PBXFileReference; lastKnownFileType = text.plist.xml; path = Info.plist; sourceTree = "<group>"; };
		674E16A71F8FB51A00C481CA /* SHTColorViewController.swift */ = {isa = PBXFileReference; lastKnownFileType = sourcecode.swift; path = SHTColorViewController.swift; sourceTree = "<group>"; };
/* End PBXFileReference section */

/* Begin PBXFrameworksBuildPhase section */
		674E168D1F8FAD6D00C481CA /* Frameworks */ = {
			isa = PBXFrameworksBuildPhase;
			buildActionMask = 2147483647;
			files = (
			);
			runOnlyForDeploymentPostprocessing = 0;
		};
/* End PBXFrameworksBuildPhase section */

/* Begin PBXGroup section */
		674E16871F8FAD6D00C481CA = {
			isa = PBXGroup;
			children = (
				674E16921F8FAD6D00C481CA /* ColorPaletteTest */,
				674E16911F8FAD6D00C481CA /* Products */,
			);
			sourceTree = "<group>";
		};
		674E16911F8FAD6D00C481CA /* Products */ = {
			isa = PBXGroup;
			children = (
				674E16901F8FAD6D00C481CA /* ColorPaletteTest.app */,
			);
			name = Products;
			sourceTree = "<group>";
		};
		674E16921F8FAD6D00C481CA /* ColorPaletteTest */ = {
			isa = PBXGroup;
			children = (
				674E16A71F8FB51A00C481CA /* SHTColorViewController.swift */,
				674E16931F8FAD6D00C481CA /* AppDelegate.swift */,
				674E16951F8FAD6D00C481CA /* ViewController.swift */,
				674E16971F8FAD6D00C481CA /* Main.storyboard */,
				674E169A1F8FAD6D00C481CA /* Assets.xcassets */,
				674E169C1F8FAD6D00C481CA /* LaunchScreen.storyboard */,
				674E169F1F8FAD6D00C481CA /* Info.plist */,
			);
			path = ColorPaletteTest;
			sourceTree = "<group>";
		};
/* End PBXGroup section */

/* Begin PBXNativeTarget section */
		674E168F1F8FAD6D00C481CA /* ColorPaletteTest */ = {
			isa = PBXNativeTarget;
			buildConfigurationList = 674E16A21F8FAD6D00C481CA /* Build configuration list for PBXNativeTarget "ColorPaletteTest" */;
			buildPhases = (
				674E168C1F8FAD6D00C481CA /* Sources */,
				674E168D1F8FAD6D00C481CA /* Frameworks */,
				674E168E1F8FAD6D00C481CA /* Resources */,
			);
			buildRules = (
			);
			dependencies = (
			);
			name = ColorPaletteTest;
			productName = ColorPaletteTest;
			productReference = 674E16901F8FAD6D00C481CA /* ColorPaletteTest.app */;
			productType = "com.apple.product-type.application";
		};
/* End PBXNativeTarget section */

/* Begin PBXProject section */
		674E16881F8FAD6D00C481CA /* Project object */ = {
			isa = PBXProject;
			attributes = {
				LastSwiftUpdateCheck = 0900;
				LastUpgradeCheck = 0900;
				ORGANIZATIONNAME = " Tikhomirov";
				TargetAttributes = {
					674E168F1F8FAD6D00C481CA = {
						CreatedOnToolsVersion = 9.0;
						ProvisioningStyle = Automatic;
					};
				};
			};
			buildConfigurationList = 674E168B1F8FAD6D00C481CA /* Build configuration list for PBXProject "ColorPaletteTest" */;
			compatibilityVersion = "Xcode 8.0";
			developmentRegion = en;
			hasScannedForEncodings = 0;
			knownRegions = (
				en,
				Base,
			);
			mainGroup = 674E16871F8FAD6D00C481CA;
			productRefGroup = 674E16911F8FAD6D00C481CA /* Products */;
			projectDirPath = "";
			projectRoot = "";
			targets = (
				674E168F1F8FAD6D00C481CA /* ColorPaletteTest */,
			);
		};
/* End PBXProject section */

/* Begin PBXResourcesBuildPhase section */
		674E168E1F8FAD6D00C481CA /* Resources */ = {
			isa = PBXResourcesBuildPhase;
			buildActionMask = 2147483647;
			files = (
				674E169E1F8FAD6D00C481CA /* LaunchScreen.storyboard in Resources */,
				674E169B1F8FAD6D00C481CA /* Assets.xcassets in Resources */,
				674E16991F8FAD6D00C481CA /* Main.storyboard in Resources */,
			);
			runOnlyForDeploymentPostprocessing = 0;
		};
/* End PBXResourcesBuildPhase section */

/* Begin PBXSourcesBuildPhase section */
		674E168C1F8FAD6D00C481CA /* Sources */ = {
			isa = PBXSourcesBuildPhase;
			buildActionMask = 2147483647;
			files = (
				674E16961F8FAD6D00C481CA /* ViewController.swift in Sources */,
				674E16A81F8FB51A00C481CA /* SHTColorViewController.swift in Sources */,
				674E16941F8FAD6D00C481CA /* AppDelegate.swift in Sources */,
			);
			runOnlyForDeploymentPostprocessing = 0;
		};
/* End PBXSourcesBuildPhase section */

/* Begin PBXVariantGroup section */
		674E16971F8FAD6D00C481CA /* Main.storyboard */ = {
			isa = PBXVariantGroup;
			children = (
				674E16981F8FAD6D00C481CA /* Base */,
			);
			name = Main.storyboard;
			sourceTree = "<group>";
		};
		674E169C1F8FAD6D00C481CA /* LaunchScreen.storyboard */ = {
			isa = PBXVariantGroup;
			children = (
				674E169D1F8FAD6D00C481CA /* Base */,
			);
			name = LaunchScreen.storyboard;
			sourceTree = "<group>";
		};
/* End PBXVariantGroup section */

/* Begin XCBuildConfiguration section */
		674E16A01F8FAD6D00C481CA /* Debug */ = {
			isa = XCBuildConfiguration;
			buildSettings = {
				ALWAYS_SEARCH_USER_PATHS = NO;
				CLANG_ANALYZER_NONNULL = YES;
				CLANG_ANALYZER_NUMBER_OBJECT_CONVERSION = YES_AGGRESSIVE;
				CLANG_CXX_LANGUAGE_STANDARD = "gnu++14";
				CLANG_CXX_LIBRARY = "libc++";
				CLANG_ENABLE_MODULES = YES;
				CLANG_ENABLE_OBJC_ARC = YES;
				CLANG_WARN_BLOCK_CAPTURE_AUTORELEASING = YES;
				CLANG_WARN_BOOL_CONVERSION = YES;
				CLANG_WARN_COMMA = YES;
				CLANG_WARN_CONSTANT_CONVERSION = YES;
				CLANG_WARN_DIRECT_OBJC_ISA_USAGE = YES_ERROR;
				CLANG_WARN_DOCUMENTATION_COMMENTS = YES;
				CLANG_WARN_EMPTY_BODY = YES;
				CLANG_WARN_ENUM_CONVERSION = YES;
				CLANG_WARN_INFINITE_RECURSION = YES;
				CLANG_WARN_INT_CONVERSION = YES;
				CLANG_WARN_NON_LITERAL_NULL_CONVERSION = YES;
				CLANG_WARN_OBJC_LITERAL_CONVERSION = YES;
				CLANG_WARN_OBJC_ROOT_CLASS = YES_ERROR;
				CLANG_WARN_RANGE_LOOP_ANALYSIS = YES;
				CLANG_WARN_STRICT_PROTOTYPES = YES;
				CLANG_WARN_SUSPICIOUS_MOVE = YES;
				CLANG_WARN_UNGUARDED_AVAILABILITY = YES_AGGRESSIVE;
				CLANG_WARN_UNREACHABLE_CODE = YES;
				CLANG_WARN__DUPLICATE_METHOD_MATCH = YES;
				CODE_SIGN_IDENTITY = "iPhone Developer";
				COPY_PHASE_STRIP = NO;
				DEBUG_INFORMATION_FORMAT = dwarf;
				ENABLE_STRICT_OBJC_MSGSEND = YES;
				ENABLE_TESTABILITY = YES;
				GCC_C_LANGUAGE_STANDARD = gnu11;
				GCC_DYNAMIC_NO_PIC = NO;
				GCC_NO_COMMON_BLOCKS = YES;
				GCC_OPTIMIZATION_LEVEL = 0;
				GCC_PREPROCESSOR_DEFINITIONS = (
					"DEBUG=1",
					"$(inherited)",
				);
				GCC_WARN_64_TO_32_BIT_CONVERSION = YES;
				GCC_WARN_ABOUT_RETURN_TYPE = YES_ERROR;
				GCC_WARN_UNDECLARED_SELECTOR = YES;
				GCC_WARN_UNINITIALIZED_AUTOS = YES_AGGRESSIVE;
				GCC_WARN_UNUSED_FUNCTION = YES;
				GCC_WARN_UNUSED_VARIABLE = YES;
				IPHONEOS_DEPLOYMENT_TARGET = 11.0;
				MTL_ENABLE_DEBUG_INFO = YES;
				ONLY_ACTIVE_ARCH = YES;
				SDKROOT = iphoneos;
				SWIFT_ACTIVE_COMPILATION_CONDITIONS = DEBUG;
				SWIFT_OPTIMIZATION_LEVEL = "-Onone";
			};
			name = Debug;
		};
		674E16A11F8FAD6D00C481CA /* Release */ = {
			isa = XCBuildConfiguration;
			buildSettings = {
				ALWAYS_SEARCH_USER_PATHS = NO;
				CLANG_ANALYZER_NONNULL = YES;
				CLANG_ANALYZER_NUMBER_OBJECT_CONVERSION = YES_AGGRESSIVE;
				CLANG_CXX_LANGUAGE_STANDARD = "gnu++14";
				CLANG_CXX_LIBRARY = "libc++";
				CLANG_ENABLE_MODULES = YES;
				CLANG_ENABLE_OBJC_ARC = YES;
				CLANG_WARN_BLOCK_CAPTURE_AUTORELEASING = YES;
				CLANG_WARN_BOOL_CONVERSION = YES;
				CLANG_WARN_COMMA = YES;
				CLANG_WARN_CONSTANT_CONVERSION = YES;
				CLANG_WARN_DIRECT_OBJC_ISA_USAGE = YES_ERROR;
				CLANG_WARN_DOCUMENTATION_COMMENTS = YES;
				CLANG_WARN_EMPTY_BODY = YES;
				CLANG_WARN_ENUM_CONVERSION = YES;
				CLANG_WARN_INFINITE_RECURSION = YES;
				CLANG_WARN_INT_CONVERSION = YES;
				CLANG_WARN_NON_LITERAL_NULL_CONVERSION = YES;
				CLANG_WARN_OBJC_LITERAL_CONVERSION = YES;
				CLANG_WARN_OBJC_ROOT_CLASS = YES_ERROR;
				CLANG_WARN_RANGE_LOOP_ANALYSIS = YES;
				CLANG_WARN_STRICT_PROTOTYPES = YES;
				CLANG_WARN_SUSPICIOUS_MOVE = YES;
				CLANG_WARN_UNGUARDED_AVAILABILITY = YES_AGGRESSIVE;
				CLANG_WARN_UNREACHABLE_CODE = YES;
				CLANG_WARN__DUPLICATE_METHOD_MATCH = YES;
				CODE_SIGN_IDENTITY = "iPhone Developer";
				COPY_PHASE_STRIP = NO;
				DEBUG_INFORMATION_FORMAT = "dwarf-with-dsym";
				ENABLE_NS_ASSERTIONS = NO;
				ENABLE_STRICT_OBJC_MSGSEND = YES;
				GCC_C_LANGUAGE_STANDARD = gnu11;
				GCC_NO_COMMON_BLOCKS = YES;
				GCC_WARN_64_TO_32_BIT_CONVERSION = YES;
				GCC_WARN_ABOUT_RETURN_TYPE = YES_ERROR;
				GCC_WARN_UNDECLARED_SELECTOR = YES;
				GCC_WARN_UNINITIALIZED_AUTOS = YES_AGGRESSIVE;
				GCC_WARN_UNUSED_FUNCTION = YES;
				GCC_WARN_UNUSED_VARIABLE = YES;
				IPHONEOS_DEPLOYMENT_TARGET = 11.0;
				MTL_ENABLE_DEBUG_INFO = NO;
				SDKROOT = iphoneos;
				SWIFT_OPTIMIZATION_LEVEL = "-Owholemodule";
				VALIDATE_PRODUCT = YES;
			};
			name = Release;
		};
		674E16A31F8FAD6D00C481CA /* Debug */ = {
			isa = XCBuildConfiguration;
			buildSettings = {
				ASSETCATALOG_COMPILER_APPICON_NAME = AppIcon;
				CODE_SIGN_STYLE = Automatic;
				DEVELOPMENT_TEAM = J43M23F28D;
				INFOPLIST_FILE = ColorPaletteTest/Info.plist;
				LD_RUNPATH_SEARCH_PATHS = "$(inherited) @executable_path/Frameworks";
				PRODUCT_BUNDLE_IDENTIFIER = SHT.ColorPaletteTest;
				PRODUCT_NAME = "$(TARGET_NAME)";
				SWIFT_VERSION = 4.0;
				TARGETED_DEVICE_FAMILY = "1,2";
			};
			name = Debug;
		};
		674E16A41F8FAD6D00C481CA /* Release */ = {
			isa = XCBuildConfiguration;
			buildSettings = {
				ASSETCATALOG_COMPILER_APPICON_NAME = AppIcon;
				CODE_SIGN_STYLE = Automatic;
				DEVELOPMENT_TEAM = J43M23F28D;
				INFOPLIST_FILE = ColorPaletteTest/Info.plist;
				LD_RUNPATH_SEARCH_PATHS = "$(inherited) @executable_path/Frameworks";
				PRODUCT_BUNDLE_IDENTIFIER = SHT.ColorPaletteTest;
				PRODUCT_NAME = "$(TARGET_NAME)";
				SWIFT_VERSION = 4.0;
				TARGETED_DEVICE_FAMILY = "1,2";
			};
			name = Release;
		};
/* End XCBuildConfiguration section */

/* Begin XCConfigurationList section */
		674E168B1F8FAD6D00C481CA /* Build configuration list for PBXProject "ColorPaletteTest" */ = {
			isa = XCConfigurationList;
			buildConfigurations = (
				674E16A01F8FAD6D00C481CA /* Debug */,
				674E16A11F8FAD6D00C481CA /* Release */,
			);
			defaultConfigurationIsVisible = 0;
			defaultConfigurationName = Release;
		};
		674E16A21F8FAD6D00C481CA /* Build configuration list for PBXNativeTarget "ColorPaletteTest" */ = {
			isa = XCConfigurationList;
			buildConfigurations = (
				674E16A31F8FAD6D00C481CA /* Debug */,
				674E16A41F8FAD6D00C481CA /* Release */,
			);
			defaultConfigurationIsVisible = 0;
			defaultConfigurationName = Release;
		};
/* End XCConfigurationList section */
	};
	rootObject = 674E16881F8FAD6D00C481CA /* Project object */;
}
